
Microsoft Visual Studio Solution File, Format Version 12.00
# Visual Studio Version 16
VisualStudioVersion = 16.0.29326.143
MinimumVisualStudioVersion = 10.0.40219.1
Project("{FAE04EC0-301F-11D3-BF4B-00C04F79EFBC}") = "Destiny PC Loadout Manager", "Destiny PC Loadout Manager\Destiny PC Loadout Manager.csproj", "{EBE1BAEF-9662-484C-B6E5-CD00D034695E}"
EndProject
Global
	GlobalSection(SolutionConfigurationPlatforms) = preSolution
		Debug|Any CPU = Debug|Any CPU
		Release|Any CPU = Release|Any CPU
	EndGlobalSection
	GlobalSection(ProjectConfigurationPlatforms) = postSolution
		{EBE1BAEF-9662-484C-B6E5-CD00D034695E}.Debug|Any CPU.ActiveCfg = Debug|Any CPU
		{EBE1BAEF-9662-484C-B6E5-CD00D034695E}.Debug|Any CPU.Build.0 = Debug|Any CPU
		{EBE1BAEF-9662-484C-B6E5-CD00D034695E}.Release|Any CPU.ActiveCfg = Release|Any CPU
		{EBE1BAEF-9662-484C-B6E5-CD00D034695E}.Release|Any CPU.Build.0 = Release|Any CPU
	EndGlobalSection
	GlobalSection(SolutionProperties) = preSolution
		HideSolutionNode = FALSE
	EndGlobalSection
	GlobalSection(ExtensibilityGlobals) = postSolution
		SolutionGuid = {B63613BC-E649-47F1-B210-BC0498FD96DD}
	EndGlobalSection
EndGlobal
